<?xml version="1.0" encoding="UTF-8"?>
<!DOCTYPE plist PUBLIC "-//Apple//DTD PLIST 1.0//EN" "http://www.apple.com/DTDs/PropertyList-1.0.dtd">
<plist version="1.0">
<dict>
	<key>BuildNumber</key>
	<string>41800078</string>
	<key>BundleIdentifier</key>
	<string>com.barebones.bbedit</string>
	<key>HostIdentifier</key>
	<string>862CC867-EF10-538A-9F52-830C18E2A46C</string>
	<key>HostName</key>
	<string>paul-m1</string>
	<key>LockDate</key>
	<date>2023-05-31T01:38:36Z</date>
	<key>LockID</key>
	<string>ECBAA765-CC17-43A1-A0D4-58AEC2C092F0</string>
	<key>MarketingVersion</key>
	<string>14.6.6</string>
	<key>NetworkVolume</key>
	<false/>
	<key>ProcessIdentifier</key>
	<integer>89362</integer>
	<key>UserName</key>
	<string>paul</string>
	<key>Version</key>
	<integer>3</integer>
	<key>VolumeIdentifier</key>
	<string>5011CC49-55AA-48B2-BC15-7526F2DF1947</string>
</dict>
</plist>
